
Microsoft Visual Studio Solution File, Format Version 12.00
# Visual Studio Version 17
VisualStudioVersion = 17.14.36518.9 d17.14
MinimumVisualStudioVersion = 10.0.40219.1
Project("{FAE04EC0-301F-11D3-BF4B-00C04F79EFBC}") = "SCP-7777", "SCP-7777.csproj", "{2FC8444B-8504-42B6-95D8-FB932733314B}"
EndProject
Global
	GlobalSection(SolutionConfigurationPlatforms) = preSolution
		Debug|Any CPU = Debug|Any CPU
		Release|Any CPU = Release|Any CPU
	EndGlobalSection
	GlobalSection(ProjectConfigurationPlatforms) = postSolution
		{2FC8444B-8504-42B6-95D8-FB932733314B}.Debug|Any CPU.ActiveCfg = Debug|Any CPU
		{2FC8444B-8504-42B6-95D8-FB932733314B}.Debug|Any CPU.Build.0 = Debug|Any CPU
		{2FC8444B-8504-42B6-95D8-FB932733314B}.Release|Any CPU.ActiveCfg = Release|Any CPU
		{2FC8444B-8504-42B6-95D8-FB932733314B}.Release|Any CPU.Build.0 = Release|Any CPU
	EndGlobalSection
	GlobalSection(SolutionProperties) = preSolution
		HideSolutionNode = FALSE
	EndGlobalSection
	GlobalSection(ExtensibilityGlobals) = postSolution
		SolutionGuid = {88D2CB80-32CB-4375-B568-23EE327F33B8}
	EndGlobalSection
EndGlobal
